
Microsoft Visual Studio Solution File, Format Version 12.00
# Visual Studio Version 17
VisualStudioVersion = 17.10.35027.167
MinimumVisualStudioVersion = 10.0.40219.1
Project("{9A19103F-16F7-4668-BE54-9A1E7A4F7556}") = "Spotify.Database", "Spotify.Database\Spotify.Database.csproj", "{11C93B67-95F4-4877-89B9-AA644BC03342}"
EndProject
Project("{9A19103F-16F7-4668-BE54-9A1E7A4F7556}") = "Spotify.WebAPI", "Spotify.WebAPI\Spotify.WebAPI.csproj", "{0A1E6AC4-ECA5-41A6-AB0F-7AAB5D785032}"
EndProject
Project("{FAE04EC0-301F-11D3-BF4B-00C04F79EFBC}") = "TestConcoleApp", "TestConcoleApp\TestConcoleApp.csproj", "{A48F6206-27FC-4F17-A23B-61AE91EEDA78}"
EndProject
Global
	GlobalSection(SolutionConfigurationPlatforms) = preSolution
		Debug|Any CPU = Debug|Any CPU
		Release|Any CPU = Release|Any CPU
	EndGlobalSection
	GlobalSection(ProjectConfigurationPlatforms) = postSolution
		{11C93B67-95F4-4877-89B9-AA644BC03342}.Debug|Any CPU.ActiveCfg = Debug|Any CPU
		{11C93B67-95F4-4877-89B9-AA644BC03342}.Debug|Any CPU.Build.0 = Debug|Any CPU
		{11C93B67-95F4-4877-89B9-AA644BC03342}.Release|Any CPU.ActiveCfg = Release|Any CPU
		{11C93B67-95F4-4877-89B9-AA644BC03342}.Release|Any CPU.Build.0 = Release|Any CPU
		{0A1E6AC4-ECA5-41A6-AB0F-7AAB5D785032}.Debug|Any CPU.ActiveCfg = Debug|Any CPU
		{0A1E6AC4-ECA5-41A6-AB0F-7AAB5D785032}.Debug|Any CPU.Build.0 = Debug|Any CPU
		{0A1E6AC4-ECA5-41A6-AB0F-7AAB5D785032}.Release|Any CPU.ActiveCfg = Release|Any CPU
		{0A1E6AC4-ECA5-41A6-AB0F-7AAB5D785032}.Release|Any CPU.Build.0 = Release|Any CPU
		{A48F6206-27FC-4F17-A23B-61AE91EEDA78}.Debug|Any CPU.ActiveCfg = Debug|Any CPU
		{A48F6206-27FC-4F17-A23B-61AE91EEDA78}.Debug|Any CPU.Build.0 = Debug|Any CPU
		{A48F6206-27FC-4F17-A23B-61AE91EEDA78}.Release|Any CPU.ActiveCfg = Release|Any CPU
		{A48F6206-27FC-4F17-A23B-61AE91EEDA78}.Release|Any CPU.Build.0 = Release|Any CPU
	EndGlobalSection
	GlobalSection(SolutionProperties) = preSolution
		HideSolutionNode = FALSE
	EndGlobalSection
	GlobalSection(ExtensibilityGlobals) = postSolution
		SolutionGuid = {92859A92-40EB-43D1-B0F7-3102E40B8273}
	EndGlobalSection
EndGlobal
